
Microsoft Visual Studio Solution File, Format Version 12.00
# Visual Studio Version 17
VisualStudioVersion = 17.3.32804.467
MinimumVisualStudioVersion = 10.0.40219.1
Project("{FAE04EC0-301F-11D3-BF4B-00C04F79EFBC}") = "AutomationFrameworkProject", "AutomationFrameworkProject\AutomationFrameworkProject.csproj", "{00BA73BC-37B0-4773-B0C5-52A2BA831A3D}"
EndProject
Global
	GlobalSection(SolutionConfigurationPlatforms) = preSolution
		Debug|Any CPU = Debug|Any CPU
		Release|Any CPU = Release|Any CPU
	EndGlobalSection
	GlobalSection(ProjectConfigurationPlatforms) = postSolution
		{00BA73BC-37B0-4773-B0C5-52A2BA831A3D}.Debug|Any CPU.ActiveCfg = Debug|Any CPU
		{00BA73BC-37B0-4773-B0C5-52A2BA831A3D}.Debug|Any CPU.Build.0 = Debug|Any CPU
		{00BA73BC-37B0-4773-B0C5-52A2BA831A3D}.Release|Any CPU.ActiveCfg = Release|Any CPU
		{00BA73BC-37B0-4773-B0C5-52A2BA831A3D}.Release|Any CPU.Build.0 = Release|Any CPU
	EndGlobalSection
	GlobalSection(SolutionProperties) = preSolution
		HideSolutionNode = FALSE
	EndGlobalSection
	GlobalSection(ExtensibilityGlobals) = postSolution
		SolutionGuid = {A3C02E76-6125-444E-9FD4-521F9D3A8BA7}
	EndGlobalSection
EndGlobal
