
Microsoft Visual Studio Solution File, Format Version 12.00
# Visual Studio Version 17
VisualStudioVersion = 17.9.34728.123
MinimumVisualStudioVersion = 10.0.40219.1
Project("{FAE04EC0-301F-11D3-BF4B-00C04F79EFBC}") = "UnitTestProject1", "UnitTestProject1\UnitTestProject1.csproj", "{43642311-4DAE-4B51-BEF4-0C0FBD1348BE}"
EndProject
Global
	GlobalSection(SolutionConfigurationPlatforms) = preSolution
		Debug|Any CPU = Debug|Any CPU
		Release|Any CPU = Release|Any CPU
	EndGlobalSection
	GlobalSection(ProjectConfigurationPlatforms) = postSolution
		{43642311-4DAE-4B51-BEF4-0C0FBD1348BE}.Debug|Any CPU.ActiveCfg = Debug|Any CPU
		{43642311-4DAE-4B51-BEF4-0C0FBD1348BE}.Debug|Any CPU.Build.0 = Debug|Any CPU
		{43642311-4DAE-4B51-BEF4-0C0FBD1348BE}.Release|Any CPU.ActiveCfg = Release|Any CPU
		{43642311-4DAE-4B51-BEF4-0C0FBD1348BE}.Release|Any CPU.Build.0 = Release|Any CPU
	EndGlobalSection
	GlobalSection(SolutionProperties) = preSolution
		HideSolutionNode = FALSE
	EndGlobalSection
	GlobalSection(ExtensibilityGlobals) = postSolution
		SolutionGuid = {482C85B6-1479-4951-BB2F-6FACF2A32087}
	EndGlobalSection
EndGlobal
